// !$*UTF8*$!
{
	archiveVersion = 1;
	classes = {
	};
	objectVersion = 56;
	objects = {

/* Begin PBXBuildFile section */
		2A8F903F2C08D49B00DA8BDA /* ItemView.swift in Sources */ = {isa = PBXBuildFile; fileRef = 2A8F903E2C08D49B00DA8BDA /* ItemView.swift */; };
		2ABC53F72C0F528F00B974D5 /* BackView.swift in Sources */ = {isa = PBXBuildFile; fileRef = 2ABC53F62C0F528F00B974D5 /* BackView.swift */; };
		2ABD89A82C0A4AD700CB2AC4 /* MainMenuView.swift in Sources */ = {isa = PBXBuildFile; fileRef = 2ABD89A72C0A4AD700CB2AC4 /* MainMenuView.swift */; };
		2ABD89AA2C0A4CF400CB2AC4 /* ClothingsView.swift in Sources */ = {isa = PBXBuildFile; fileRef = 2ABD89A92C0A4CF400CB2AC4 /* ClothingsView.swift */; };
		2ABD89AC2C0A4E4700CB2AC4 /* TotalTabView.swift in Sources */ = {isa = PBXBuildFile; fileRef = 2ABD89AB2C0A4E4700CB2AC4 /* TotalTabView.swift */; };
		2ABD89AE2C0A4F3D00CB2AC4 /* ToiletriesView.swift in Sources */ = {isa = PBXBuildFile; fileRef = 2ABD89AD2C0A4F3D00CB2AC4 /* ToiletriesView.swift */; };
		2ABD89B02C0A52B700CB2AC4 /* HealthView.swift in Sources */ = {isa = PBXBuildFile; fileRef = 2ABD89AF2C0A52B700CB2AC4 /* HealthView.swift */; };
		2ABD89B22C0A52C300CB2AC4 /* ElectronicsView.swift in Sources */ = {isa = PBXBuildFile; fileRef = 2ABD89B12C0A52C300CB2AC4 /* ElectronicsView.swift */; };
		2ABF456E2C0E8FBE006F419A /* ChoiceButtonView.swift in Sources */ = {isa = PBXBuildFile; fileRef = 2ABF456D2C0E8FBE006F419A /* ChoiceButtonView.swift */; };
		2ABF45722C0E9531006F419A /* ChoicesView.swift in Sources */ = {isa = PBXBuildFile; fileRef = 2ABF45712C0E9531006F419A /* ChoicesView.swift */; };
		2ABF45742C0E982B006F419A /* QuestionView.swift in Sources */ = {isa = PBXBuildFile; fileRef = 2ABF45732C0E982B006F419A /* QuestionView.swift */; };
		2ACCCF0A2C076BEE00998D04 /* StaticInterfaceApp.swift in Sources */ = {isa = PBXBuildFile; fileRef = 2ACCCF092C076BEE00998D04 /* StaticInterfaceApp.swift */; };
		2ACCCF0E2C076BF000998D04 /* Assets.xcassets in Resources */ = {isa = PBXBuildFile; fileRef = 2ACCCF0D2C076BF000998D04 /* Assets.xcassets */; };
		2ACCCF112C076BF000998D04 /* Preview Assets.xcassets in Resources */ = {isa = PBXBuildFile; fileRef = 2ACCCF102C076BF000998D04 /* Preview Assets.xcassets */; };
		2ACCCF212C0776FA00998D04 /* PackPalViewModel.swift in Sources */ = {isa = PBXBuildFile; fileRef = 2ACCCF202C0776FA00998D04 /* PackPalViewModel.swift */; };
		2ACCCF292C07777A00998D04 /* ListItem.swift in Sources */ = {isa = PBXBuildFile; fileRef = 2ACCCF282C07777A00998D04 /* ListItem.swift */; };
		2ADE98CB2C0BBDC6001FF49B /* TitleView.swift in Sources */ = {isa = PBXBuildFile; fileRef = 2ADE98CA2C0BBDC6001FF49B /* TitleView.swift */; };
/* End PBXBuildFile section */

/* Begin PBXFileReference section */
		2A8F903E2C08D49B00DA8BDA /* ItemView.swift */ = {isa = PBXFileReference; lastKnownFileType = sourcecode.swift; path = ItemView.swift; sourceTree = "<group>"; };
		2ABC53F62C0F528F00B974D5 /* BackView.swift */ = {isa = PBXFileReference; lastKnownFileType = sourcecode.swift; path = BackView.swift; sourceTree = "<group>"; };
		2ABD89A72C0A4AD700CB2AC4 /* MainMenuView.swift */ = {isa = PBXFileReference; lastKnownFileType = sourcecode.swift; path = MainMenuView.swift; sourceTree = "<group>"; };
		2ABD89A92C0A4CF400CB2AC4 /* ClothingsView.swift */ = {isa = PBXFileReference; lastKnownFileType = sourcecode.swift; path = ClothingsView.swift; sourceTree = "<group>"; };
		2ABD89AB2C0A4E4700CB2AC4 /* TotalTabView.swift */ = {isa = PBXFileReference; lastKnownFileType = sourcecode.swift; path = TotalTabView.swift; sourceTree = "<group>"; };
		2ABD89AD2C0A4F3D00CB2AC4 /* ToiletriesView.swift */ = {isa = PBXFileReference; lastKnownFileType = sourcecode.swift; path = ToiletriesView.swift; sourceTree = "<group>"; };
		2ABD89AF2C0A52B700CB2AC4 /* HealthView.swift */ = {isa = PBXFileReference; lastKnownFileType = sourcecode.swift; path = HealthView.swift; sourceTree = "<group>"; };
		2ABD89B12C0A52C300CB2AC4 /* ElectronicsView.swift */ = {isa = PBXFileReference; lastKnownFileType = sourcecode.swift; path = ElectronicsView.swift; sourceTree = "<group>"; };
		2ABF456D2C0E8FBE006F419A /* ChoiceButtonView.swift */ = {isa = PBXFileReference; lastKnownFileType = sourcecode.swift; path = ChoiceButtonView.swift; sourceTree = "<group>"; };
		2ABF45712C0E9531006F419A /* ChoicesView.swift */ = {isa = PBXFileReference; lastKnownFileType = sourcecode.swift; path = ChoicesView.swift; sourceTree = "<group>"; };
		2ABF45732C0E982B006F419A /* QuestionView.swift */ = {isa = PBXFileReference; lastKnownFileType = sourcecode.swift; path = QuestionView.swift; sourceTree = "<group>"; };
		2ACCCF062C076BEE00998D04 /* StaticInterface.app */ = {isa = PBXFileReference; explicitFileType = wrapper.application; includeInIndex = 0; path = StaticInterface.app; sourceTree = BUILT_PRODUCTS_DIR; };
		2ACCCF092C076BEE00998D04 /* StaticInterfaceApp.swift */ = {isa = PBXFileReference; lastKnownFileType = sourcecode.swift; path = StaticInterfaceApp.swift; sourceTree = "<group>"; };
		2ACCCF0D2C076BF000998D04 /* Assets.xcassets */ = {isa = PBXFileReference; lastKnownFileType = folder.assetcatalog; path = Assets.xcassets; sourceTree = "<group>"; };
		2ACCCF102C076BF000998D04 /* Preview Assets.xcassets */ = {isa = PBXFileReference; lastKnownFileType = folder.assetcatalog; path = "Preview Assets.xcassets"; sourceTree = "<group>"; };
		2ACCCF202C0776FA00998D04 /* PackPalViewModel.swift */ = {isa = PBXFileReference; lastKnownFileType = sourcecode.swift; path = PackPalViewModel.swift; sourceTree = "<group>"; };
		2ACCCF282C07777A00998D04 /* ListItem.swift */ = {isa = PBXFileReference; lastKnownFileType = sourcecode.swift; path = ListItem.swift; sourceTree = "<group>"; };
		2ADE98CA2C0BBDC6001FF49B /* TitleView.swift */ = {isa = PBXFileReference; lastKnownFileType = sourcecode.swift; path = TitleView.swift; sourceTree = "<group>"; };
/* End PBXFileReference section */

/* Begin PBXFrameworksBuildPhase section */
		2ACCCF032C076BEE00998D04 /* Frameworks */ = {
			isa = PBXFrameworksBuildPhase;
			buildActionMask = 2147483647;
			files = (
			);
			runOnlyForDeploymentPostprocessing = 0;
		};
/* End PBXFrameworksBuildPhase section */

/* Begin PBXGroup section */
		2ABD89B52C0A546A00CB2AC4 /* Daily Needs File */ = {
			isa = PBXGroup;
			children = (
				2ABD89AB2C0A4E4700CB2AC4 /* TotalTabView.swift */,
				2ABD89A92C0A4CF400CB2AC4 /* ClothingsView.swift */,
				2ABD89AD2C0A4F3D00CB2AC4 /* ToiletriesView.swift */,
				2ABD89AF2C0A52B700CB2AC4 /* HealthView.swift */,
				2ABD89B12C0A52C300CB2AC4 /* ElectronicsView.swift */,
			);
			path = "Daily Needs File";
			sourceTree = "<group>";
		};
		2ABF456C2C0E8FA3006F419A /* Choices  */ = {
			isa = PBXGroup;
			children = (
				2ABF456D2C0E8FBE006F419A /* ChoiceButtonView.swift */,
				2ABF45712C0E9531006F419A /* ChoicesView.swift */,
				2ABF45732C0E982B006F419A /* QuestionView.swift */,
			);
			path = "Choices ";
			sourceTree = "<group>";
		};
		2ACCCEFD2C076BED00998D04 = {
			isa = PBXGroup;
			children = (
				2ACCCF082C076BEE00998D04 /* StaticInterface */,
				2ACCCF072C076BEE00998D04 /* Products */,
			);
			sourceTree = "<group>";
		};
		2ACCCF072C076BEE00998D04 /* Products */ = {
			isa = PBXGroup;
			children = (
				2ACCCF062C076BEE00998D04 /* StaticInterface.app */,
			);
			name = Products;
			sourceTree = "<group>";
		};
		2ACCCF082C076BEE00998D04 /* StaticInterface */ = {
			isa = PBXGroup;
			children = (
				2ACCCF092C076BEE00998D04 /* StaticInterfaceApp.swift */,
				2ACCCF192C076D2D00998D04 /* Helpers */,
				2ACCCF172C076CD500998D04 /* Model */,
				2ACCCF182C076D2300998D04 /* Views */,
				2ACCCF1A2C076DBF00998D04 /* ViewModel */,
				2ACCCF0F2C076BF000998D04 /* Preview Content */,
			);
			path = StaticInterface;
			sourceTree = "<group>";
		};
		2ACCCF0F2C076BF000998D04 /* Preview Content */ = {
			isa = PBXGroup;
			children = (
				2ACCCF102C076BF000998D04 /* Preview Assets.xcassets */,
			);
			path = "Preview Content";
			sourceTree = "<group>";
		};
		2ACCCF172C076CD500998D04 /* Model */ = {
			isa = PBXGroup;
			children = (
				2ACCCF282C07777A00998D04 /* ListItem.swift */,
			);
			path = Model;
			sourceTree = "<group>";
		};
		2ACCCF182C076D2300998D04 /* Views */ = {
			isa = PBXGroup;
			children = (
				2ABD89A72C0A4AD700CB2AC4 /* MainMenuView.swift */,
				2ADE98CA2C0BBDC6001FF49B /* TitleView.swift */,
				2A8F903E2C08D49B00DA8BDA /* ItemView.swift */,
				2ABC53F62C0F528F00B974D5 /* BackView.swift */,
				2ABF456C2C0E8FA3006F419A /* Choices  */,
				2ABD89B52C0A546A00CB2AC4 /* Daily Needs File */,
			);
			path = Views;
			sourceTree = "<group>";
		};
		2ACCCF192C076D2D00998D04 /* Helpers */ = {
			isa = PBXGroup;
			children = (
			);
			path = Helpers;
			sourceTree = "<group>";
		};
		2ACCCF1A2C076DBF00998D04 /* ViewModel */ = {
			isa = PBXGroup;
			children = (
				2ACCCF202C0776FA00998D04 /* PackPalViewModel.swift */,
				2ACCCF0D2C076BF000998D04 /* Assets.xcassets */,
			);
			path = ViewModel;
			sourceTree = "<group>";
		};
/* End PBXGroup section */

/* Begin PBXNativeTarget section */
		2ACCCF052C076BEE00998D04 /* StaticInterface */ = {
			isa = PBXNativeTarget;
			buildConfigurationList = 2ACCCF142C076BF000998D04 /* Build configuration list for PBXNativeTarget "StaticInterface" */;
			buildPhases = (
				2ACCCF022C076BEE00998D04 /* Sources */,
				2ACCCF032C076BEE00998D04 /* Frameworks */,
				2ACCCF042C076BEE00998D04 /* Resources */,
			);
			buildRules = (
			);
			dependencies = (
			);
			name = StaticInterface;
			productName = StaticInterface;
			productReference = 2ACCCF062C076BEE00998D04 /* StaticInterface.app */;
			productType = "com.apple.product-type.application";
		};
/* End PBXNativeTarget section */

/* Begin PBXProject section */
		2ACCCEFE2C076BED00998D04 /* Project object */ = {
			isa = PBXProject;
			attributes = {
				BuildIndependentTargetsInParallel = 1;
				LastSwiftUpdateCheck = 1540;
				LastUpgradeCheck = 1540;
				TargetAttributes = {
					2ACCCF052C076BEE00998D04 = {
						CreatedOnToolsVersion = 15.4;
					};
				};
			};
			buildConfigurationList = 2ACCCF012C076BEE00998D04 /* Build configuration list for PBXProject "StaticInterface" */;
			compatibilityVersion = "Xcode 14.0";
			developmentRegion = en;
			hasScannedForEncodings = 0;
			knownRegions = (
				en,
				Base,
			);
			mainGroup = 2ACCCEFD2C076BED00998D04;
			productRefGroup = 2ACCCF072C076BEE00998D04 /* Products */;
			projectDirPath = "";
			projectRoot = "";
			targets = (
				2ACCCF052C076BEE00998D04 /* StaticInterface */,
			);
		};
/* End PBXProject section */

/* Begin PBXResourcesBuildPhase section */
		2ACCCF042C076BEE00998D04 /* Resources */ = {
			isa = PBXResourcesBuildPhase;
			buildActionMask = 2147483647;
			files = (
				2ACCCF112C076BF000998D04 /* Preview Assets.xcassets in Resources */,
				2ACCCF0E2C076BF000998D04 /* Assets.xcassets in Resources */,
			);
			runOnlyForDeploymentPostprocessing = 0;
		};
/* End PBXResourcesBuildPhase section */

/* Begin PBXSourcesBuildPhase section */
		2ACCCF022C076BEE00998D04 /* Sources */ = {
			isa = PBXSourcesBuildPhase;
			buildActionMask = 2147483647;
			files = (
				2ABD89B22C0A52C300CB2AC4 /* ElectronicsView.swift in Sources */,
				2ABD89A82C0A4AD700CB2AC4 /* MainMenuView.swift in Sources */,
				2ABD89AA2C0A4CF400CB2AC4 /* ClothingsView.swift in Sources */,
				2ABF456E2C0E8FBE006F419A /* ChoiceButtonView.swift in Sources */,
				2ACCCF292C07777A00998D04 /* ListItem.swift in Sources */,
				2ABD89AC2C0A4E4700CB2AC4 /* TotalTabView.swift in Sources */,
				2ACCCF212C0776FA00998D04 /* PackPalViewModel.swift in Sources */,
				2ACCCF0A2C076BEE00998D04 /* StaticInterfaceApp.swift in Sources */,
				2ABD89B02C0A52B700CB2AC4 /* HealthView.swift in Sources */,
				2ADE98CB2C0BBDC6001FF49B /* TitleView.swift in Sources */,
				2ABF45742C0E982B006F419A /* QuestionView.swift in Sources */,
				2ABD89AE2C0A4F3D00CB2AC4 /* ToiletriesView.swift in Sources */,
				2ABC53F72C0F528F00B974D5 /* BackView.swift in Sources */,
				2ABF45722C0E9531006F419A /* ChoicesView.swift in Sources */,
				2A8F903F2C08D49B00DA8BDA /* ItemView.swift in Sources */,
			);
			runOnlyForDeploymentPostprocessing = 0;
		};
/* End PBXSourcesBuildPhase section */

/* Begin XCBuildConfiguration section */
		2ACCCF122C076BF000998D04 /* Debug */ = {
			isa = XCBuildConfiguration;
			buildSettings = {
				ALWAYS_SEARCH_USER_PATHS = NO;
				ASSETCATALOG_COMPILER_GENERATE_SWIFT_ASSET_SYMBOL_EXTENSIONS = YES;
				CLANG_ANALYZER_NONNULL = YES;
				CLANG_ANALYZER_NUMBER_OBJECT_CONVERSION = YES_AGGRESSIVE;
				CLANG_CXX_LANGUAGE_STANDARD = "gnu++20";
				CLANG_ENABLE_MODULES = YES;
				CLANG_ENABLE_OBJC_ARC = YES;
				CLANG_ENABLE_OBJC_WEAK = YES;
				CLANG_WARN_BLOCK_CAPTURE_AUTORELEASING = YES;
				CLANG_WARN_BOOL_CONVERSION = YES;
				CLANG_WARN_COMMA = YES;
				CLANG_WARN_CONSTANT_CONVERSION = YES;
				CLANG_WARN_DEPRECATED_OBJC_IMPLEMENTATIONS = YES;
				CLANG_WARN_DIRECT_OBJC_ISA_USAGE = YES_ERROR;
				CLANG_WARN_DOCUMENTATION_COMMENTS = YES;
				CLANG_WARN_EMPTY_BODY = YES;
				CLANG_WARN_ENUM_CONVERSION = YES;
				CLANG_WARN_INFINITE_RECURSION = YES;
				CLANG_WARN_INT_CONVERSION = YES;
				CLANG_WARN_NON_LITERAL_NULL_CONVERSION = YES;
				CLANG_WARN_OBJC_IMPLICIT_RETAIN_SELF = YES;
				CLANG_WARN_OBJC_LITERAL_CONVERSION = YES;
				CLANG_WARN_OBJC_ROOT_CLASS = YES_ERROR;
				CLANG_WARN_QUOTED_INCLUDE_IN_FRAMEWORK_HEADER = YES;
				CLANG_WARN_RANGE_LOOP_ANALYSIS = YES;
				CLANG_WARN_STRICT_PROTOTYPES = YES;
				CLANG_WARN_SUSPICIOUS_MOVE = YES;
				CLANG_WARN_UNGUARDED_AVAILABILITY = YES_AGGRESSIVE;
				CLANG_WARN_UNREACHABLE_CODE = YES;
				CLANG_WARN__DUPLICATE_METHOD_MATCH = YES;
				COPY_PHASE_STRIP = NO;
				DEBUG_INFORMATION_FORMAT = dwarf;
				ENABLE_STRICT_OBJC_MSGSEND = YES;
				ENABLE_TESTABILITY = YES;
				ENABLE_USER_SCRIPT_SANDBOXING = YES;
				GCC_C_LANGUAGE_STANDARD = gnu17;
				GCC_DYNAMIC_NO_PIC = NO;
				GCC_NO_COMMON_BLOCKS = YES;
				GCC_OPTIMIZATION_LEVEL = 0;
				GCC_PREPROCESSOR_DEFINITIONS = (
					"DEBUG=1",
					"$(inherited)",
				);
				GCC_WARN_64_TO_32_BIT_CONVERSION = YES;
				GCC_WARN_ABOUT_RETURN_TYPE = YES_ERROR;
				GCC_WARN_UNDECLARED_SELECTOR = YES;
				GCC_WARN_UNINITIALIZED_AUTOS = YES_AGGRESSIVE;
				GCC_WARN_UNUSED_FUNCTION = YES;
				GCC_WARN_UNUSED_VARIABLE = YES;
				IPHONEOS_DEPLOYMENT_TARGET = 17.5;
				LOCALIZATION_PREFERS_STRING_CATALOGS = YES;
				MTL_ENABLE_DEBUG_INFO = INCLUDE_SOURCE;
				MTL_FAST_MATH = YES;
				ONLY_ACTIVE_ARCH = YES;
				SDKROOT = iphoneos;
				SWIFT_ACTIVE_COMPILATION_CONDITIONS = "DEBUG $(inherited)";
				SWIFT_OPTIMIZATION_LEVEL = "-Onone";
			};
			name = Debug;
		};
		2ACCCF132C076BF000998D04 /* Release */ = {
			isa = XCBuildConfiguration;
			buildSettings = {
				ALWAYS_SEARCH_USER_PATHS = NO;
				ASSETCATALOG_COMPILER_GENERATE_SWIFT_ASSET_SYMBOL_EXTENSIONS = YES;
				CLANG_ANALYZER_NONNULL = YES;
				CLANG_ANALYZER_NUMBER_OBJECT_CONVERSION = YES_AGGRESSIVE;
				CLANG_CXX_LANGUAGE_STANDARD = "gnu++20";
				CLANG_ENABLE_MODULES = YES;
				CLANG_ENABLE_OBJC_ARC = YES;
				CLANG_ENABLE_OBJC_WEAK = YES;
				CLANG_WARN_BLOCK_CAPTURE_AUTORELEASING = YES;
				CLANG_WARN_BOOL_CONVERSION = YES;
				CLANG_WARN_COMMA = YES;
				CLANG_WARN_CONSTANT_CONVERSION = YES;
				CLANG_WARN_DEPRECATED_OBJC_IMPLEMENTATIONS = YES;
				CLANG_WARN_DIRECT_OBJC_ISA_USAGE = YES_ERROR;
				CLANG_WARN_DOCUMENTATION_COMMENTS = YES;
				CLANG_WARN_EMPTY_BODY = YES;
				CLANG_WARN_ENUM_CONVERSION = YES;
				CLANG_WARN_INFINITE_RECURSION = YES;
				CLANG_WARN_INT_CONVERSION = YES;
				CLANG_WARN_NON_LITERAL_NULL_CONVERSION = YES;
				CLANG_WARN_OBJC_IMPLICIT_RETAIN_SELF = YES;
				CLANG_WARN_OBJC_LITERAL_CONVERSION = YES;
				CLANG_WARN_OBJC_ROOT_CLASS = YES_ERROR;
				CLANG_WARN_QUOTED_INCLUDE_IN_FRAMEWORK_HEADER = YES;
				CLANG_WARN_RANGE_LOOP_ANALYSIS = YES;
				CLANG_WARN_STRICT_PROTOTYPES = YES;
				CLANG_WARN_SUSPICIOUS_MOVE = YES;
				CLANG_WARN_UNGUARDED_AVAILABILITY = YES_AGGRESSIVE;
				CLANG_WARN_UNREACHABLE_CODE = YES;
				CLANG_WARN__DUPLICATE_METHOD_MATCH = YES;
				COPY_PHASE_STRIP = NO;
				DEBUG_INFORMATION_FORMAT = "dwarf-with-dsym";
				ENABLE_NS_ASSERTIONS = NO;
				ENABLE_STRICT_OBJC_MSGSEND = YES;
				ENABLE_USER_SCRIPT_SANDBOXING = YES;
				GCC_C_LANGUAGE_STANDARD = gnu17;
				GCC_NO_COMMON_BLOCKS = YES;
				GCC_WARN_64_TO_32_BIT_CONVERSION = YES;
				GCC_WARN_ABOUT_RETURN_TYPE = YES_ERROR;
				GCC_WARN_UNDECLARED_SELECTOR = YES;
				GCC_WARN_UNINITIALIZED_AUTOS = YES_AGGRESSIVE;
				GCC_WARN_UNUSED_FUNCTION = YES;
				GCC_WARN_UNUSED_VARIABLE = YES;
				IPHONEOS_DEPLOYMENT_TARGET = 17.5;
				LOCALIZATION_PREFERS_STRING_CATALOGS = YES;
				MTL_ENABLE_DEBUG_INFO = NO;
				MTL_FAST_MATH = YES;
				SDKROOT = iphoneos;
				SWIFT_COMPILATION_MODE = wholemodule;
				VALIDATE_PRODUCT = YES;
			};
			name = Release;
		};
		2ACCCF152C076BF000998D04 /* Debug */ = {
			isa = XCBuildConfiguration;
			buildSettings = {
				ASSETCATALOG_COMPILER_APPICON_NAME = AppIcon;
				ASSETCATALOG_COMPILER_GLOBAL_ACCENT_COLOR_NAME = AccentColor;
				CODE_SIGN_STYLE = Automatic;
				CURRENT_PROJECT_VERSION = 1;
				DEVELOPMENT_ASSET_PATHS = "\"StaticInterface/Preview Content\"";
				DEVELOPMENT_TEAM = M57DH7FCLJ;
				ENABLE_PREVIEWS = YES;
				GENERATE_INFOPLIST_FILE = YES;
				INFOPLIST_KEY_UIApplicationSceneManifest_Generation = YES;
				INFOPLIST_KEY_UIApplicationSupportsIndirectInputEvents = YES;
				INFOPLIST_KEY_UILaunchScreen_Generation = YES;
				INFOPLIST_KEY_UISupportedInterfaceOrientations_iPad = "UIInterfaceOrientationPortrait UIInterfaceOrientationPortraitUpsideDown UIInterfaceOrientationLandscapeLeft UIInterfaceOrientationLandscapeRight";
				INFOPLIST_KEY_UISupportedInterfaceOrientations_iPhone = "UIInterfaceOrientationPortrait UIInterfaceOrientationLandscapeLeft UIInterfaceOrientationLandscapeRight";
				LD_RUNPATH_SEARCH_PATHS = (
					"$(inherited)",
					"@executable_path/Frameworks",
				);
				MARKETING_VERSION = 1.0;
				PRODUCT_BUNDLE_IDENTIFIER = ca.ednasung.StaticInterface;
				PRODUCT_NAME = "$(TARGET_NAME)";
				SWIFT_EMIT_LOC_STRINGS = YES;
				SWIFT_VERSION = 5.0;
				TARGETED_DEVICE_FAMILY = "1,2";
			};
			name = Debug;
		};
		2ACCCF162C076BF000998D04 /* Release */ = {
			isa = XCBuildConfiguration;
			buildSettings = {
				ASSETCATALOG_COMPILER_APPICON_NAME = AppIcon;
				ASSETCATALOG_COMPILER_GLOBAL_ACCENT_COLOR_NAME = AccentColor;
				CODE_SIGN_STYLE = Automatic;
				CURRENT_PROJECT_VERSION = 1;
				DEVELOPMENT_ASSET_PATHS = "\"StaticInterface/Preview Content\"";
				DEVELOPMENT_TEAM = M57DH7FCLJ;
				ENABLE_PREVIEWS = YES;
				GENERATE_INFOPLIST_FILE = YES;
				INFOPLIST_KEY_UIApplicationSceneManifest_Generation = YES;
				INFOPLIST_KEY_UIApplicationSupportsIndirectInputEvents = YES;
				INFOPLIST_KEY_UILaunchScreen_Generation = YES;
				INFOPLIST_KEY_UISupportedInterfaceOrientations_iPad = "UIInterfaceOrientationPortrait UIInterfaceOrientationPortraitUpsideDown UIInterfaceOrientationLandscapeLeft UIInterfaceOrientationLandscapeRight";
				INFOPLIST_KEY_UISupportedInterfaceOrientations_iPhone = "UIInterfaceOrientationPortrait UIInterfaceOrientationLandscapeLeft UIInterfaceOrientationLandscapeRight";
				LD_RUNPATH_SEARCH_PATHS = (
					"$(inherited)",
					"@executable_path/Frameworks",
				);
				MARKETING_VERSION = 1.0;
				PRODUCT_BUNDLE_IDENTIFIER = ca.ednasung.StaticInterface;
				PRODUCT_NAME = "$(TARGET_NAME)";
				SWIFT_EMIT_LOC_STRINGS = YES;
				SWIFT_VERSION = 5.0;
				TARGETED_DEVICE_FAMILY = "1,2";
			};
			name = Release;
		};
/* End XCBuildConfiguration section */

/* Begin XCConfigurationList section */
		2ACCCF012C076BEE00998D04 /* Build configuration list for PBXProject "StaticInterface" */ = {
			isa = XCConfigurationList;
			buildConfigurations = (
				2ACCCF122C076BF000998D04 /* Debug */,
				2ACCCF132C076BF000998D04 /* Release */,
			);
			defaultConfigurationIsVisible = 0;
			defaultConfigurationName = Release;
		};
		2ACCCF142C076BF000998D04 /* Build configuration list for PBXNativeTarget "StaticInterface" */ = {
			isa = XCConfigurationList;
			buildConfigurations = (
				2ACCCF152C076BF000998D04 /* Debug */,
				2ACCCF162C076BF000998D04 /* Release */,
			);
			defaultConfigurationIsVisible = 0;
			defaultConfigurationName = Release;
		};
/* End XCConfigurationList section */
	};
	rootObject = 2ACCCEFE2C076BED00998D04 /* Project object */;
}
